
Microsoft Visual Studio Solution File, Format Version 12.00
# Visual Studio 15
VisualStudioVersion = 15.0.28307.329
MinimumVisualStudioVersion = 10.0.40219.1
Project("{FAE04EC0-301F-11D3-BF4B-00C04F79EFBC}") = "Jupiter.Helpers", "Helpers\Jupiter.Helpers.csproj", "{F1204B56-3CFF-473A-A979-51EB8F0963FD}"
EndProject
Global
	GlobalSection(SolutionConfigurationPlatforms) = preSolution
		Debug|Any CPU = Debug|Any CPU
		Release|Any CPU = Release|Any CPU
	EndGlobalSection
	GlobalSection(ProjectConfigurationPlatforms) = postSolution
		{F1204B56-3CFF-473A-A979-51EB8F0963FD}.Debug|Any CPU.ActiveCfg = Debug|Any CPU
		{F1204B56-3CFF-473A-A979-51EB8F0963FD}.Debug|Any CPU.Build.0 = Debug|Any CPU
		{F1204B56-3CFF-473A-A979-51EB8F0963FD}.Release|Any CPU.ActiveCfg = Release|Any CPU
		{F1204B56-3CFF-473A-A979-51EB8F0963FD}.Release|Any CPU.Build.0 = Release|Any CPU
	EndGlobalSection
	GlobalSection(SolutionProperties) = preSolution
		HideSolutionNode = FALSE
	EndGlobalSection
	GlobalSection(ExtensibilityGlobals) = postSolution
		SolutionGuid = {540A588C-2F75-481B-A44D-FC82EF65C8F0}
	EndGlobalSection
EndGlobal
